{
  "name": "xedux",
  "version": "4.2.0",
  "lockfileVersion": 1,
  "requires": true,
  "dependencies": {
    "immer": {
      "version": "7.0.7",
      "resolved": "https://registry.npmjs.org/immer/-/immer-7.0.7.tgz",
      "integrity": "sha512-Q8yYwVADJXrNfp1ZUAh4XDHkcoE3wpdpb4mC5abDSajs2EbW8+cGdPyAnglMyLnm7EF6ojD2xBFX7L5i4TIytw=="
    }
  }
}
